
Microsoft Visual Studio Solution File, Format Version 12.00
# Visual Studio Version 16
VisualStudioVersion = 16.0.809.1
MinimumVisualStudioVersion = 10.0.40219.1
Project("{FAE04EC0-301F-11D3-BF4B-00C04F79EFBC}") = "WBAC.NetCore.Web.API", "WBAC.NetCore.Web.API.csproj", "{2FA7BBDA-C838-4F3D-AF03-D386A5227A45}"
EndProject
Global
	GlobalSection(SolutionConfigurationPlatforms) = preSolution
		Debug|Any CPU = Debug|Any CPU
		Release|Any CPU = Release|Any CPU
		Testing|Any CPU = Testing|Any CPU
		Development|Any CPU = Development|Any CPU
	EndGlobalSection
	GlobalSection(ProjectConfigurationPlatforms) = postSolution
		{2FA7BBDA-C838-4F3D-AF03-D386A5227A45}.Debug|Any CPU.ActiveCfg = Debug|Any CPU
		{2FA7BBDA-C838-4F3D-AF03-D386A5227A45}.Debug|Any CPU.Build.0 = Debug|Any CPU
		{2FA7BBDA-C838-4F3D-AF03-D386A5227A45}.Release|Any CPU.ActiveCfg = Release|Any CPU
		{2FA7BBDA-C838-4F3D-AF03-D386A5227A45}.Release|Any CPU.Build.0 = Release|Any CPU
		{2FA7BBDA-C838-4F3D-AF03-D386A5227A45}.Testing|Any CPU.ActiveCfg = Testing|Any CPU
		{2FA7BBDA-C838-4F3D-AF03-D386A5227A45}.Testing|Any CPU.Build.0 = Testing|Any CPU
		{2FA7BBDA-C838-4F3D-AF03-D386A5227A45}.Development|Any CPU.ActiveCfg = Development|Any CPU
		{2FA7BBDA-C838-4F3D-AF03-D386A5227A45}.Development|Any CPU.Build.0 = Development|Any CPU
	EndGlobalSection
	GlobalSection(SolutionProperties) = preSolution
		HideSolutionNode = FALSE
	EndGlobalSection
	GlobalSection(ExtensibilityGlobals) = postSolution
		SolutionGuid = {7C89B340-48D4-4AC9-8C14-E6C53F67167A}
	EndGlobalSection
EndGlobal
